github.com/brentgroves/greetings3 v0.1.0 h1:Ka2KojftYCc9lfPCKcj5lQY8nT10WrB9k48AjJP2c+o=
github.com/brentgroves/greetings3 v0.1.0/go.mod h1:d3Oqn02s0fghhmyVW5Mr+VkCGCncYujsJNkRlTXd/Ms=
github.com/brentgroves/greetings3 v0.2.0 h1:jMM6Gelx0zG0ft+5hZVeNE7+wLn61ssewS36vX8Ynaw=
github.com/brentgroves/greetings3 v0.2.0/go.mod h1:d3Oqn02s0fghhmyVW5Mr+VkCGCncYujsJNkRlTXd/Ms=
github.com/brentgroves/greetings3 v0.3.0 h1:YDCK8Sy7fALb8+lzqEIHp7cryhAK/3vmLn4x7lOmpgg=
github.com/brentgroves/greetings3 v0.3.0/go.mod h1:d3Oqn02s0fghhmyVW5Mr+VkCGCncYujsJNkRlTXd/Ms=
github.com/brentgroves/greetings3 v0.4.0 h1:qOOU8zqvNK7i7Ucaqz/RSWWI7DuewI3x4j+ZTOKlYuc=
github.com/brentgroves/greetings3 v0.4.0/go.mod h1:d3Oqn02s0fghhmyVW5Mr+VkCGCncYujsJNkRlTXd/Ms=
